
Microsoft Visual Studio Solution File, Format Version 12.00
# Visual Studio Version 17
VisualStudioVersion = 17.1.32421.90
MinimumVisualStudioVersion = 10.0.40219.1
Project("{FAE04EC0-301F-11D3-BF4B-00C04F79EFBC}") = "Mnoziny_IT2", "Mnoziny_IT2\Mnoziny_IT2.csproj", "{699FDC9F-BEF5-4112-AD62-811ED806C940}"
EndProject
Global
	GlobalSection(SolutionConfigurationPlatforms) = preSolution
		Debug|Any CPU = Debug|Any CPU
		Release|Any CPU = Release|Any CPU
	EndGlobalSection
	GlobalSection(ProjectConfigurationPlatforms) = postSolution
		{699FDC9F-BEF5-4112-AD62-811ED806C940}.Debug|Any CPU.ActiveCfg = Debug|Any CPU
		{699FDC9F-BEF5-4112-AD62-811ED806C940}.Debug|Any CPU.Build.0 = Debug|Any CPU
		{699FDC9F-BEF5-4112-AD62-811ED806C940}.Release|Any CPU.ActiveCfg = Release|Any CPU
		{699FDC9F-BEF5-4112-AD62-811ED806C940}.Release|Any CPU.Build.0 = Release|Any CPU
	EndGlobalSection
	GlobalSection(SolutionProperties) = preSolution
		HideSolutionNode = FALSE
	EndGlobalSection
	GlobalSection(ExtensibilityGlobals) = postSolution
		SolutionGuid = {4FEE2DFC-8CC3-494E-A3F4-725F695951AC}
	EndGlobalSection
EndGlobal
